<?xml version="1.0" encoding="utf-8"?>
<Project ToolsVersion="4.0" xmlns="http://schemas.microsoft.com/developer/msbuild/2003">
  <ItemGroup>
    <ClCompile Include="main.cpp" />
    <ClCompile Include="renderArea.cpp">
      <Filter>Source Files</Filter>
    </ClCompile>
    <ClCompile Include="DCEL\Grid.cpp">
      <Filter>DCEL</Filter>
    </ClCompile>
    <ClCompile Include="DCEL\Grid_Point.cpp">
      <Filter>DCEL</Filter>
    </ClCompile>
    <ClCompile Include="DCEL\Grid_Region.cpp">
      <Filter>DCEL</Filter>
    </ClCompile>
    <ClCompile Include="DCEL\Grid_Tools.cpp">
      <Filter>DCEL</Filter>
    </ClCompile>
    <ClCompile Include="DCEL\Room_Boundary.cpp">
      <Filter>DCEL</Filter>
    </ClCompile>
    <ClCompile Include="DCEL\DCEL.cpp">
      <Filter>DCEL</Filter>
    </ClCompile>
    <ClCompile Include="Voronoi.cpp">
      <Filter>Source Files</Filter>
    </ClCompile>
    <ClCompile Include="DCEL\debugger.cpp">
      <Filter>DCEL</Filter>
    </ClCompile>
    <ClCompile Include="DCEL\SimplexNoise.cpp">
      <Filter>DCEL</Filter>
    </ClCompile>
    <ClCompile Include="TRACE\field_model.cpp">
      <Filter>TRACE</Filter>
    </ClCompile>
    <ClCompile Include="TRACE\tracer.cpp">
      <Filter>TRACE</Filter>
    </ClCompile>
  </ItemGroup>
  <ItemGroup>
    <Filter Include="Resource Files">
      <UniqueIdentifier>{D9D6E242-F8AF-46E4-B9FD-80ECBC20BA3E}</UniqueIdentifier>
      <Extensions>qrc;*</Extensions>
      <ParseFiles>false</ParseFiles>
    </Filter>
    <Filter Include="Source Files">
      <UniqueIdentifier>{4FC737F1-C7A5-4376-A066-2A32D752A2FF}</UniqueIdentifier>
      <Extensions>cpp;c;cc;cxx;def;odl;idl;hpj;bat;asm;asmx</Extensions>
      <ParseFiles>true</ParseFiles>
    </Filter>
    <Filter Include="Header Files">
      <UniqueIdentifier>{93995380-89BD-4b04-88EB-625FBE52EBFB}</UniqueIdentifier>
      <Extensions>h;hh;hpp;hxx;hm;inl;inc;xsd</Extensions>
      <ParseFiles>true</ParseFiles>
    </Filter>
    <Filter Include="Form Files">
      <UniqueIdentifier>{99349809-55BA-4b9d-BF79-8FDBB0286EB3}</UniqueIdentifier>
      <Extensions>ui</Extensions>
      <ParseFiles>true</ParseFiles>
    </Filter>
    <Filter Include="DCEL">
      <UniqueIdentifier>{bc9bdc48-918b-4a2b-b8d3-eac39d390dac}</UniqueIdentifier>
    </Filter>
    <Filter Include="TRACE">
      <UniqueIdentifier>{2281d0ce-8f09-4bd5-9679-2645841f4fae}</UniqueIdentifier>
    </Filter>
  </ItemGroup>
  <ItemGroup>
    <QtMoc Include="DCEL_Demo.h">
      <Filter>Header Files</Filter>
    </QtMoc>
    <QtMoc Include="renderArea.h">
      <Filter>Header Files</Filter>
    </QtMoc>
    <QtMoc Include="DCEL_Demo.cpp">
      <Filter>Source Files</Filter>
    </QtMoc>
    <QtMoc Include="TRACER_Demo.h">
      <Filter>Header Files</Filter>
    </QtMoc>
    <QtMoc Include="TRACER_Demo.cpp">
      <Filter>Source Files</Filter>
    </QtMoc>
  </ItemGroup>
  <ItemGroup>
    <QtUic Include="DCEL_Demo.ui">
      <Filter>Form Files</Filter>
    </QtUic>
    <QtUic Include="TRACER_Demo.ui">
      <Filter>Form Files</Filter>
    </QtUic>
  </ItemGroup>
  <ItemGroup>
    <QtRcc Include="DCEL_Demo.qrc">
      <Filter>Resource Files</Filter>
    </QtRcc>
  </ItemGroup>
  <ItemGroup>
    <ClInclude Include="DCEL\DCEL.h">
      <Filter>DCEL</Filter>
    </ClInclude>
    <ClInclude Include="DCEL\Grid.h">
      <Filter>DCEL</Filter>
    </ClInclude>
    <ClInclude Include="DCEL\Grid_Point.h">
      <Filter>DCEL</Filter>
    </ClInclude>
    <ClInclude Include="DCEL\Grid_Region.h">
      <Filter>DCEL</Filter>
    </ClInclude>
    <ClInclude Include="DCEL\Grid_Tools.h">
      <Filter>DCEL</Filter>
    </ClInclude>
    <ClInclude Include="DCEL\jc_voronoi.h">
      <Filter>DCEL</Filter>
    </ClInclude>
    <ClInclude Include="DCEL\Room_Boundary.h">
      <Filter>DCEL</Filter>
    </ClInclude>
    <ClInclude Include="Voronoi.h">
      <Filter>Header Files</Filter>
    </ClInclude>
    <ClInclude Include="DCEL\debugger.h">
      <Filter>DCEL</Filter>
    </ClInclude>
    <ClInclude Include="DCEL\SimplexNoise.h">
      <Filter>DCEL</Filter>
    </ClInclude>
    <ClInclude Include="TRACE\field_model.h">
      <Filter>TRACE</Filter>
    </ClInclude>
    <ClInclude Include="TRACE\tracer.h">
      <Filter>TRACE</Filter>
    </ClInclude>
    <ClInclude Include="TRACE\kd_tree.h">
      <Filter>TRACE</Filter>
    </ClInclude>
    <ClInclude Include="TRACE\grid_finder.h">
      <Filter>TRACE</Filter>
    </ClInclude>
    <ClInclude Include="TRACE\cell.h">
      <Filter>TRACE</Filter>
    </ClInclude>
  </ItemGroup>
</Project>